
Microsoft Visual Studio Solution File, Format Version 12.00
# Visual Studio 15
VisualStudioVersion = 15.0.27428.2002
MinimumVisualStudioVersion = 10.0.40219.1
Project("{FAE04EC0-301F-11D3-BF4B-00C04F79EFBC}") = "ManageTestsApp", "ManageTestsApp\ManageTestsApp.csproj", "{91EF26A4-DCC7-4B33-9339-9059AD6627C0}"
EndProject
Project("{FAE04EC0-301F-11D3-BF4B-00C04F79EFBC}") = "UITests", "UITests\UITests.csproj", "{09B2D026-ECED-47EB-BBEF-061FA102DADA}"
	ProjectSection(ProjectDependencies) = postProject
		{91EF26A4-DCC7-4B33-9339-9059AD6627C0} = {91EF26A4-DCC7-4B33-9339-9059AD6627C0}
	EndProjectSection
EndProject
Global
	GlobalSection(SolutionConfigurationPlatforms) = preSolution
		Debug|Any CPU = Debug|Any CPU
		Release|Any CPU = Release|Any CPU
	EndGlobalSection
	GlobalSection(ProjectConfigurationPlatforms) = postSolution
		{91EF26A4-DCC7-4B33-9339-9059AD6627C0}.Debug|Any CPU.ActiveCfg = Debug|Any CPU
		{91EF26A4-DCC7-4B33-9339-9059AD6627C0}.Debug|Any CPU.Build.0 = Debug|Any CPU
		{91EF26A4-DCC7-4B33-9339-9059AD6627C0}.Release|Any CPU.ActiveCfg = Release|Any CPU
		{91EF26A4-DCC7-4B33-9339-9059AD6627C0}.Release|Any CPU.Build.0 = Release|Any CPU
		{09B2D026-ECED-47EB-BBEF-061FA102DADA}.Debug|Any CPU.ActiveCfg = Debug|Any CPU
		{09B2D026-ECED-47EB-BBEF-061FA102DADA}.Debug|Any CPU.Build.0 = Debug|Any CPU
		{09B2D026-ECED-47EB-BBEF-061FA102DADA}.Release|Any CPU.ActiveCfg = Release|Any CPU
		{09B2D026-ECED-47EB-BBEF-061FA102DADA}.Release|Any CPU.Build.0 = Release|Any CPU
	EndGlobalSection
	GlobalSection(SolutionProperties) = preSolution
		HideSolutionNode = FALSE
	EndGlobalSection
	GlobalSection(ExtensibilityGlobals) = postSolution
		SolutionGuid = {1C4679F1-3487-471B-8904-410EE8F42E77}
	EndGlobalSection
EndGlobal
